
Microsoft Visual Studio Solution File, Format Version 12.00
# Visual Studio 15
Project("{FAE04EC0-301F-11D3-BF4B-00C04F79EFBC}") = "Assembly-CSharp", "Assembly-CSharp.csproj", "{BC73C44F-F9A2-C22A-D4D2-B779D9A1E7BE}"
EndProject
Global
	GlobalSection(SolutionConfigurationPlatforms) = preSolution
		Debug|Any CPU = Debug|Any CPU
		Release|Any CPU = Release|Any CPU
	EndGlobalSection
	GlobalSection(ProjectConfigurationPlatforms) = postSolution
		{BC73C44F-F9A2-C22A-D4D2-B779D9A1E7BE}.Debug|Any CPU.ActiveCfg = Debug|Any CPU
		{BC73C44F-F9A2-C22A-D4D2-B779D9A1E7BE}.Debug|Any CPU.Build.0 = Debug|Any CPU
		{BC73C44F-F9A2-C22A-D4D2-B779D9A1E7BE}.Release|Any CPU.ActiveCfg = Release|Any CPU
		{BC73C44F-F9A2-C22A-D4D2-B779D9A1E7BE}.Release|Any CPU.Build.0 = Release|Any CPU
	EndGlobalSection
	GlobalSection(SolutionProperties) = preSolution
		HideSolutionNode = FALSE
	EndGlobalSection
EndGlobal
